// !$*UTF8*$!
{
	archiveVersion = 1;
	classes = {
	};
	objectVersion = 46;
	objects = {

/* Begin PBXBuildFile section */
		90CCF1691EDE541A00087AD2 /* AppDelegate.swift in Sources */ = {isa = PBXBuildFile; fileRef = 90CCF1681EDE541A00087AD2 /* AppDelegate.swift */; };
		90CCF16B1EDE541A00087AD2 /* ViewController.swift in Sources */ = {isa = PBXBuildFile; fileRef = 90CCF16A1EDE541A00087AD2 /* ViewController.swift */; };
		90CCF16E1EDE541A00087AD2 /* Main.storyboard in Resources */ = {isa = PBXBuildFile; fileRef = 90CCF16C1EDE541A00087AD2 /* Main.storyboard */; };
		90CCF1701EDE541A00087AD2 /* Assets.xcassets in Resources */ = {isa = PBXBuildFile; fileRef = 90CCF16F1EDE541A00087AD2 /* Assets.xcassets */; };
		90CCF1731EDE541A00087AD2 /* LaunchScreen.storyboard in Resources */ = {isa = PBXBuildFile; fileRef = 90CCF1711EDE541A00087AD2 /* LaunchScreen.storyboard */; };
		90CCF17B1EDE55F500087AD2 /* GoogleService-Info.plist in Resources */ = {isa = PBXBuildFile; fileRef = 90CCF17A1EDE55F500087AD2 /* GoogleService-Info.plist */; };
		FB13A037A56DF50147640B7B /* Pods_SnapChatClone.framework in Frameworks */ = {isa = PBXBuildFile; fileRef = EFB43363BC4C88E902AB20E4 /* Pods_SnapChatClone.framework */; };
/* End PBXBuildFile section */

/* Begin PBXFileReference section */
		90CCF1651EDE541A00087AD2 /* SnapChatClone.app */ = {isa = PBXFileReference; explicitFileType = wrapper.application; includeInIndex = 0; path = SnapChatClone.app; sourceTree = BUILT_PRODUCTS_DIR; };
		90CCF1681EDE541A00087AD2 /* AppDelegate.swift */ = {isa = PBXFileReference; lastKnownFileType = sourcecode.swift; path = AppDelegate.swift; sourceTree = "<group>"; };
		90CCF16A1EDE541A00087AD2 /* ViewController.swift */ = {isa = PBXFileReference; lastKnownFileType = sourcecode.swift; path = ViewController.swift; sourceTree = "<group>"; };
		90CCF16D1EDE541A00087AD2 /* Base */ = {isa = PBXFileReference; lastKnownFileType = file.storyboard; name = Base; path = Base.lproj/Main.storyboard; sourceTree = "<group>"; };
		90CCF16F1EDE541A00087AD2 /* Assets.xcassets */ = {isa = PBXFileReference; lastKnownFileType = folder.assetcatalog; path = Assets.xcassets; sourceTree = "<group>"; };
		90CCF1721EDE541A00087AD2 /* Base */ = {isa = PBXFileReference; lastKnownFileType = file.storyboard; name = Base; path = Base.lproj/LaunchScreen.storyboard; sourceTree = "<group>"; };
		90CCF1741EDE541A00087AD2 /* Info.plist */ = {isa = PBXFileReference; lastKnownFileType = text.plist.xml; path = Info.plist; sourceTree = "<group>"; };
		90CCF17A1EDE55F500087AD2 /* GoogleService-Info.plist */ = {isa = PBXFileReference; fileEncoding = 4; lastKnownFileType = text.plist.xml; path = "GoogleService-Info.plist"; sourceTree = "<group>"; };
		B1BEBFBA0722FAC7EAD6DF3E /* Pods-SnapChatClone.debug.xcconfig */ = {isa = PBXFileReference; includeInIndex = 1; lastKnownFileType = text.xcconfig; name = "Pods-SnapChatClone.debug.xcconfig"; path = "Pods/Target Support Files/Pods-SnapChatClone/Pods-SnapChatClone.debug.xcconfig"; sourceTree = "<group>"; };
		D00B158F68CF02D000D48259 /* Pods-SnapChatClone.release.xcconfig */ = {isa = PBXFileReference; includeInIndex = 1; lastKnownFileType = text.xcconfig; name = "Pods-SnapChatClone.release.xcconfig"; path = "Pods/Target Support Files/Pods-SnapChatClone/Pods-SnapChatClone.release.xcconfig"; sourceTree = "<group>"; };
		EFB43363BC4C88E902AB20E4 /* Pods_SnapChatClone.framework */ = {isa = PBXFileReference; explicitFileType = wrapper.framework; includeInIndex = 0; path = Pods_SnapChatClone.framework; sourceTree = BUILT_PRODUCTS_DIR; };
/* End PBXFileReference section */

/* Begin PBXFrameworksBuildPhase section */
		90CCF1621EDE541A00087AD2 /* Frameworks */ = {
			isa = PBXFrameworksBuildPhase;
			buildActionMask = 2147483647;
			files = (
				FB13A037A56DF50147640B7B /* Pods_SnapChatClone.framework in Frameworks */,
			);
			runOnlyForDeploymentPostprocessing = 0;
		};
/* End PBXFrameworksBuildPhase section */

/* Begin PBXGroup section */
		90CCF15C1EDE541A00087AD2 = {
			isa = PBXGroup;
			children = (
				90CCF1671EDE541A00087AD2 /* SnapChatClone */,
				90CCF1661EDE541A00087AD2 /* Products */,
				C43D48F68B9FA2907651ACF5 /* Pods */,
				9262BBB6A24FD608C4FD269B /* Frameworks */,
			);
			sourceTree = "<group>";
		};
		90CCF1661EDE541A00087AD2 /* Products */ = {
			isa = PBXGroup;
			children = (
				90CCF1651EDE541A00087AD2 /* SnapChatClone.app */,
			);
			name = Products;
			sourceTree = "<group>";
		};
		90CCF1671EDE541A00087AD2 /* SnapChatClone */ = {
			isa = PBXGroup;
			children = (
				90CCF1681EDE541A00087AD2 /* AppDelegate.swift */,
				90CCF16A1EDE541A00087AD2 /* ViewController.swift */,
				90CCF16C1EDE541A00087AD2 /* Main.storyboard */,
				90CCF16F1EDE541A00087AD2 /* Assets.xcassets */,
				90CCF1711EDE541A00087AD2 /* LaunchScreen.storyboard */,
				90CCF1741EDE541A00087AD2 /* Info.plist */,
				90CCF17A1EDE55F500087AD2 /* GoogleService-Info.plist */,
			);
			path = SnapChatClone;
			sourceTree = "<group>";
		};
		9262BBB6A24FD608C4FD269B /* Frameworks */ = {
			isa = PBXGroup;
			children = (
				EFB43363BC4C88E902AB20E4 /* Pods_SnapChatClone.framework */,
			);
			name = Frameworks;
			sourceTree = "<group>";
		};
		C43D48F68B9FA2907651ACF5 /* Pods */ = {
			isa = PBXGroup;
			children = (
				B1BEBFBA0722FAC7EAD6DF3E /* Pods-SnapChatClone.debug.xcconfig */,
				D00B158F68CF02D000D48259 /* Pods-SnapChatClone.release.xcconfig */,
			);
			name = Pods;
			sourceTree = "<group>";
		};
/* End PBXGroup section */

/* Begin PBXNativeTarget section */
		90CCF1641EDE541A00087AD2 /* SnapChatClone */ = {
			isa = PBXNativeTarget;
			buildConfigurationList = 90CCF1771EDE541A00087AD2 /* Build configuration list for PBXNativeTarget "SnapChatClone" */;
			buildPhases = (
				807C551E529FB5F07D3F11DE /* [CP] Check Pods Manifest.lock */,
				90CCF1611EDE541A00087AD2 /* Sources */,
				90CCF1621EDE541A00087AD2 /* Frameworks */,
				90CCF1631EDE541A00087AD2 /* Resources */,
				52EF94DF8FECFCE78179CB20 /* [CP] Embed Pods Frameworks */,
				A6C96962A18116415C917F28 /* [CP] Copy Pods Resources */,
			);
			buildRules = (
			);
			dependencies = (
			);
			name = SnapChatClone;
			productName = SnapChatClone;
			productReference = 90CCF1651EDE541A00087AD2 /* SnapChatClone.app */;
			productType = "com.apple.product-type.application";
		};
/* End PBXNativeTarget section */

/* Begin PBXProject section */
		90CCF15D1EDE541A00087AD2 /* Project object */ = {
			isa = PBXProject;
			attributes = {
				LastSwiftUpdateCheck = 0830;
				LastUpgradeCheck = 0830;
				ORGANIZATIONNAME = "John Fantell";
				TargetAttributes = {
					90CCF1641EDE541A00087AD2 = {
						CreatedOnToolsVersion = 8.3.2;
						DevelopmentTeam = 27KFYYN5Z5;
						ProvisioningStyle = Automatic;
					};
				};
			};
			buildConfigurationList = 90CCF1601EDE541A00087AD2 /* Build configuration list for PBXProject "SnapChatClone" */;
			compatibilityVersion = "Xcode 3.2";
			developmentRegion = English;
			hasScannedForEncodings = 0;
			knownRegions = (
				en,
				Base,
			);
			mainGroup = 90CCF15C1EDE541A00087AD2;
			productRefGroup = 90CCF1661EDE541A00087AD2 /* Products */;
			projectDirPath = "";
			projectRoot = "";
			targets = (
				90CCF1641EDE541A00087AD2 /* SnapChatClone */,
			);
		};
/* End PBXProject section */

/* Begin PBXResourcesBuildPhase section */
		90CCF1631EDE541A00087AD2 /* Resources */ = {
			isa = PBXResourcesBuildPhase;
			buildActionMask = 2147483647;
			files = (
				90CCF1731EDE541A00087AD2 /* LaunchScreen.storyboard in Resources */,
				90CCF17B1EDE55F500087AD2 /* GoogleService-Info.plist in Resources */,
				90CCF1701EDE541A00087AD2 /* Assets.xcassets in Resources */,
				90CCF16E1EDE541A00087AD2 /* Main.storyboard in Resources */,
			);
			runOnlyForDeploymentPostprocessing = 0;
		};
/* End PBXResourcesBuildPhase section */

/* Begin PBXShellScriptBuildPhase section */
		52EF94DF8FECFCE78179CB20 /* [CP] Embed Pods Frameworks */ = {
			isa = PBXShellScriptBuildPhase;
			buildActionMask = 2147483647;
			files = (
			);
			inputPaths = (
			);
			name = "[CP] Embed Pods Frameworks";
			outputPaths = (
			);
			runOnlyForDeploymentPostprocessing = 0;
			shellPath = /bin/sh;
			shellScript = "\"${SRCROOT}/Pods/Target Support Files/Pods-SnapChatClone/Pods-SnapChatClone-frameworks.sh\"\n";
			showEnvVarsInLog = 0;
		};
		807C551E529FB5F07D3F11DE /* [CP] Check Pods Manifest.lock */ = {
			isa = PBXShellScriptBuildPhase;
			buildActionMask = 2147483647;
			files = (
			);
			inputPaths = (
			);
			name = "[CP] Check Pods Manifest.lock";
			outputPaths = (
			);
			runOnlyForDeploymentPostprocessing = 0;
			shellPath = /bin/sh;
			shellScript = "diff \"${PODS_PODFILE_DIR_PATH}/Podfile.lock\" \"${PODS_ROOT}/Manifest.lock\" > /dev/null\nif [ $? != 0 ] ; then\n    # print error to STDERR\n    echo \"error: The sandbox is not in sync with the Podfile.lock. Run 'pod install' or update your CocoaPods installation.\" >&2\n    exit 1\nfi\n";
			showEnvVarsInLog = 0;
		};
		A6C96962A18116415C917F28 /* [CP] Copy Pods Resources */ = {
			isa = PBXShellScriptBuildPhase;
			buildActionMask = 2147483647;
			files = (
			);
			inputPaths = (
			);
			name = "[CP] Copy Pods Resources";
			outputPaths = (
			);
			runOnlyForDeploymentPostprocessing = 0;
			shellPath = /bin/sh;
			shellScript = "\"${SRCROOT}/Pods/Target Support Files/Pods-SnapChatClone/Pods-SnapChatClone-resources.sh\"\n";
			showEnvVarsInLog = 0;
		};
/* End PBXShellScriptBuildPhase section */

/* Begin PBXSourcesBuildPhase section */
		90CCF1611EDE541A00087AD2 /* Sources */ = {
			isa = PBXSourcesBuildPhase;
			buildActionMask = 2147483647;
			files = (
				90CCF16B1EDE541A00087AD2 /* ViewController.swift in Sources */,
				90CCF1691EDE541A00087AD2 /* AppDelegate.swift in Sources */,
			);
			runOnlyForDeploymentPostprocessing = 0;
		};
/* End PBXSourcesBuildPhase section */

/* Begin PBXVariantGroup section */
		90CCF16C1EDE541A00087AD2 /* Main.storyboard */ = {
			isa = PBXVariantGroup;
			children = (
				90CCF16D1EDE541A00087AD2 /* Base */,
			);
			name = Main.storyboard;
			sourceTree = "<group>";
		};
		90CCF1711EDE541A00087AD2 /* LaunchScreen.storyboard */ = {
			isa = PBXVariantGroup;
			children = (
				90CCF1721EDE541A00087AD2 /* Base */,
			);
			name = LaunchScreen.storyboard;
			sourceTree = "<group>";
		};
/* End PBXVariantGroup section */

/* Begin XCBuildConfiguration section */
		90CCF1751EDE541A00087AD2 /* Debug */ = {
			isa = XCBuildConfiguration;
			buildSettings = {
				ALWAYS_SEARCH_USER_PATHS = NO;
				CLANG_ANALYZER_NONNULL = YES;
				CLANG_ANALYZER_NUMBER_OBJECT_CONVERSION = YES_AGGRESSIVE;
				CLANG_CXX_LANGUAGE_STANDARD = "gnu++0x";
				CLANG_CXX_LIBRARY = "libc++";
				CLANG_ENABLE_MODULES = YES;
				CLANG_ENABLE_OBJC_ARC = YES;
				CLANG_WARN_BOOL_CONVERSION = YES;
				CLANG_WARN_CONSTANT_CONVERSION = YES;
				CLANG_WARN_DIRECT_OBJC_ISA_USAGE = YES_ERROR;
				CLANG_WARN_DOCUMENTATION_COMMENTS = YES;
				CLANG_WARN_EMPTY_BODY = YES;
				CLANG_WARN_ENUM_CONVERSION = YES;
				CLANG_WARN_INFINITE_RECURSION = YES;
				CLANG_WARN_INT_CONVERSION = YES;
				CLANG_WARN_OBJC_ROOT_CLASS = YES_ERROR;
				CLANG_WARN_SUSPICIOUS_MOVE = YES;
				CLANG_WARN_UNREACHABLE_CODE = YES;
				CLANG_WARN__DUPLICATE_METHOD_MATCH = YES;
				"CODE_SIGN_IDENTITY[sdk=iphoneos*]" = "iPhone Developer";
				COPY_PHASE_STRIP = NO;
				DEBUG_INFORMATION_FORMAT = dwarf;
				ENABLE_STRICT_OBJC_MSGSEND = YES;
				ENABLE_TESTABILITY = YES;
				GCC_C_LANGUAGE_STANDARD = gnu99;
				GCC_DYNAMIC_NO_PIC = NO;
				GCC_NO_COMMON_BLOCKS = YES;
				GCC_OPTIMIZATION_LEVEL = 0;
				GCC_PREPROCESSOR_DEFINITIONS = (
					"DEBUG=1",
					"$(inherited)",
				);
				GCC_WARN_64_TO_32_BIT_CONVERSION = YES;
				GCC_WARN_ABOUT_RETURN_TYPE = YES_ERROR;
				GCC_WARN_UNDECLARED_SELECTOR = YES;
				GCC_WARN_UNINITIALIZED_AUTOS = YES_AGGRESSIVE;
				GCC_WARN_UNUSED_FUNCTION = YES;
				GCC_WARN_UNUSED_VARIABLE = YES;
				IPHONEOS_DEPLOYMENT_TARGET = 10.3;
				MTL_ENABLE_DEBUG_INFO = YES;
				ONLY_ACTIVE_ARCH = YES;
				SDKROOT = iphoneos;
				SWIFT_ACTIVE_COMPILATION_CONDITIONS = DEBUG;
				SWIFT_OPTIMIZATION_LEVEL = "-Onone";
				TARGETED_DEVICE_FAMILY = "1,2";
			};
			name = Debug;
		};
		90CCF1761EDE541A00087AD2 /* Release */ = {
			isa = XCBuildConfiguration;
			buildSettings = {
				ALWAYS_SEARCH_USER_PATHS = NO;
				CLANG_ANALYZER_NONNULL = YES;
				CLANG_ANALYZER_NUMBER_OBJECT_CONVERSION = YES_AGGRESSIVE;
				CLANG_CXX_LANGUAGE_STANDARD = "gnu++0x";
				CLANG_CXX_LIBRARY = "libc++";
				CLANG_ENABLE_MODULES = YES;
				CLANG_ENABLE_OBJC_ARC = YES;
				CLANG_WARN_BOOL_CONVERSION = YES;
				CLANG_WARN_CONSTANT_CONVERSION = YES;
				CLANG_WARN_DIRECT_OBJC_ISA_USAGE = YES_ERROR;
				CLANG_WARN_DOCUMENTATION_COMMENTS = YES;
				CLANG_WARN_EMPTY_BODY = YES;
				CLANG_WARN_ENUM_CONVERSION = YES;
				CLANG_WARN_INFINITE_RECURSION = YES;
				CLANG_WARN_INT_CONVERSION = YES;
				CLANG_WARN_OBJC_ROOT_CLASS = YES_ERROR;
				CLANG_WARN_SUSPICIOUS_MOVE = YES;
				CLANG_WARN_UNREACHABLE_CODE = YES;
				CLANG_WARN__DUPLICATE_METHOD_MATCH = YES;
				"CODE_SIGN_IDENTITY[sdk=iphoneos*]" = "iPhone Developer";
				COPY_PHASE_STRIP = NO;
				DEBUG_INFORMATION_FORMAT = "dwarf-with-dsym";
				ENABLE_NS_ASSERTIONS = NO;
				ENABLE_STRICT_OBJC_MSGSEND = YES;
				GCC_C_LANGUAGE_STANDARD = gnu99;
				GCC_NO_COMMON_BLOCKS = YES;
				GCC_WARN_64_TO_32_BIT_CONVERSION = YES;
				GCC_WARN_ABOUT_RETURN_TYPE = YES_ERROR;
				GCC_WARN_UNDECLARED_SELECTOR = YES;
				GCC_WARN_UNINITIALIZED_AUTOS = YES_AGGRESSIVE;
				GCC_WARN_UNUSED_FUNCTION = YES;
				GCC_WARN_UNUSED_VARIABLE = YES;
				IPHONEOS_DEPLOYMENT_TARGET = 10.3;
				MTL_ENABLE_DEBUG_INFO = NO;
				SDKROOT = iphoneos;
				SWIFT_OPTIMIZATION_LEVEL = "-Owholemodule";
				TARGETED_DEVICE_FAMILY = "1,2";
				VALIDATE_PRODUCT = YES;
			};
			name = Release;
		};
		90CCF1781EDE541A00087AD2 /* Debug */ = {
			isa = XCBuildConfiguration;
			baseConfigurationReference = B1BEBFBA0722FAC7EAD6DF3E /* Pods-SnapChatClone.debug.xcconfig */;
			buildSettings = {
				ASSETCATALOG_COMPILER_APPICON_NAME = AppIcon;
				DEVELOPMENT_TEAM = 27KFYYN5Z5;
				INFOPLIST_FILE = SnapChatClone/Info.plist;
				LD_RUNPATH_SEARCH_PATHS = "$(inherited) @executable_path/Frameworks";
				PRODUCT_BUNDLE_IDENTIFIER = com.johnfantell.SnapChatClone;
				PRODUCT_NAME = "$(TARGET_NAME)";
				SWIFT_VERSION = 3.0;
			};
			name = Debug;
		};
		90CCF1791EDE541A00087AD2 /* Release */ = {
			isa = XCBuildConfiguration;
			baseConfigurationReference = D00B158F68CF02D000D48259 /* Pods-SnapChatClone.release.xcconfig */;
			buildSettings = {
				ASSETCATALOG_COMPILER_APPICON_NAME = AppIcon;
				DEVELOPMENT_TEAM = 27KFYYN5Z5;
				INFOPLIST_FILE = SnapChatClone/Info.plist;
				LD_RUNPATH_SEARCH_PATHS = "$(inherited) @executable_path/Frameworks";
				PRODUCT_BUNDLE_IDENTIFIER = com.johnfantell.SnapChatClone;
				PRODUCT_NAME = "$(TARGET_NAME)";
				SWIFT_VERSION = 3.0;
			};
			name = Release;
		};
/* End XCBuildConfiguration section */

/* Begin XCConfigurationList section */
		90CCF1601EDE541A00087AD2 /* Build configuration list for PBXProject "SnapChatClone" */ = {
			isa = XCConfigurationList;
			buildConfigurations = (
				90CCF1751EDE541A00087AD2 /* Debug */,
				90CCF1761EDE541A00087AD2 /* Release */,
			);
			defaultConfigurationIsVisible = 0;
			defaultConfigurationName = Release;
		};
		90CCF1771EDE541A00087AD2 /* Build configuration list for PBXNativeTarget "SnapChatClone" */ = {
			isa = XCConfigurationList;
			buildConfigurations = (
				90CCF1781EDE541A00087AD2 /* Debug */,
				90CCF1791EDE541A00087AD2 /* Release */,
			);
			defaultConfigurationIsVisible = 0;
		};
/* End XCConfigurationList section */
	};
	rootObject = 90CCF15D1EDE541A00087AD2 /* Project object */;
}
